Microsoft Visual Studio Solution File, Format Version 12.00
# Visual Studio Version 17
VisualStudioVersion = 17.5.2.0
MinimumVisualStudioVersion = 10.0.40219.1
Project("{FAE04EC0-301F-11D3-BF4B-00C04F79EFBC}") = "GenericsActivity", "GenericsActivity.csproj", "{DC84A634-6A89-C8E0-688B-2BD3B7C2B1CD}"
EndProject
Global
	GlobalSection(SolutionConfigurationPlatforms) = preSolution
		Debug|Any CPU = Debug|Any CPU
		Release|Any CPU = Release|Any CPU
	EndGlobalSection
	GlobalSection(ProjectConfigurationPlatforms) = postSolution
		{DC84A634-6A89-C8E0-688B-2BD3B7C2B1CD}.Debug|Any CPU.ActiveCfg = Debug|Any CPU
		{DC84A634-6A89-C8E0-688B-2BD3B7C2B1CD}.Debug|Any CPU.Build.0 = Debug|Any CPU
		{DC84A634-6A89-C8E0-688B-2BD3B7C2B1CD}.Release|Any CPU.ActiveCfg = Release|Any CPU
		{DC84A634-6A89-C8E0-688B-2BD3B7C2B1CD}.Release|Any CPU.Build.0 = Release|Any CPU
	EndGlobalSection
	GlobalSection(SolutionProperties) = preSolution
		HideSolutionNode = FALSE
	EndGlobalSection
	GlobalSection(ExtensibilityGlobals) = postSolution
		SolutionGuid = {66E098A2-0D78-4CA2-9F34-84640977F258}
	EndGlobalSection
EndGlobal
